// !$*UTF8*$!
{
	archiveVersion = 1;
	classes = {
	};
	objectVersion = 50;
	objects = {

/* Begin PBXBuildFile section */
		EB12A0D125B93A10008DBCD4 /* AppDelegate.swift in Sources */ = {isa = PBXBuildFile; fileRef = EB12A0D025B93A10008DBCD4 /* AppDelegate.swift */; };
		EB12A0D325B93A10008DBCD4 /* SceneDelegate.swift in Sources */ = {isa = PBXBuildFile; fileRef = EB12A0D225B93A10008DBCD4 /* SceneDelegate.swift */; };
		EB12A0D525B93A10008DBCD4 /* MainVC.swift in Sources */ = {isa = PBXBuildFile; fileRef = EB12A0D425B93A10008DBCD4 /* MainVC.swift */; };
		EB12A0D825B93A10008DBCD4 /* Main.storyboard in Resources */ = {isa = PBXBuildFile; fileRef = EB12A0D625B93A10008DBCD4 /* Main.storyboard */; };
		EB12A0DA25B93A13008DBCD4 /* Assets.xcassets in Resources */ = {isa = PBXBuildFile; fileRef = EB12A0D925B93A13008DBCD4 /* Assets.xcassets */; };
		EB12A0DD25B93A13008DBCD4 /* LaunchScreen.storyboard in Resources */ = {isa = PBXBuildFile; fileRef = EB12A0DB25B93A13008DBCD4 /* LaunchScreen.storyboard */; };
		EB12A0E825B93A13008DBCD4 /* photoBlenderTests.swift in Sources */ = {isa = PBXBuildFile; fileRef = EB12A0E725B93A13008DBCD4 /* photoBlenderTests.swift */; };
		EB12A0F325B93A13008DBCD4 /* photoBlenderUITests.swift in Sources */ = {isa = PBXBuildFile; fileRef = EB12A0F225B93A13008DBCD4 /* photoBlenderUITests.swift */; };
		EB12A10F25BA2388008DBCD4 /* Camera.storyboard in Resources */ = {isa = PBXBuildFile; fileRef = EB12A10E25BA2388008DBCD4 /* Camera.storyboard */; };
		EB12A12425BA4A1E008DBCD4 /* PhotoVC.swift in Sources */ = {isa = PBXBuildFile; fileRef = EB12A12325BA4A1E008DBCD4 /* PhotoVC.swift */; };
		EB454B1D25BBC92C0048D6EC /* PhotoLibrary.storyboard in Resources */ = {isa = PBXBuildFile; fileRef = EB454B1C25BBC92C0048D6EC /* PhotoLibrary.storyboard */; };
		EB454B2225BBCAF50048D6EC /* PhotoLibraryVC.swift in Sources */ = {isa = PBXBuildFile; fileRef = EB454B2125BBCAF50048D6EC /* PhotoLibraryVC.swift */; };
/* End PBXBuildFile section */

/* Begin PBXContainerItemProxy section */
		EB12A0E425B93A13008DBCD4 /* PBXContainerItemProxy */ = {
			isa = PBXContainerItemProxy;
			containerPortal = EB12A0C525B93A10008DBCD4 /* Project object */;
			proxyType = 1;
			remoteGlobalIDString = EB12A0CC25B93A10008DBCD4;
			remoteInfo = photoBlender;
		};
		EB12A0EF25B93A13008DBCD4 /* PBXContainerItemProxy */ = {
			isa = PBXContainerItemProxy;
			containerPortal = EB12A0C525B93A10008DBCD4 /* Project object */;
			proxyType = 1;
			remoteGlobalIDString = EB12A0CC25B93A10008DBCD4;
			remoteInfo = photoBlender;
		};
/* End PBXContainerItemProxy section */

/* Begin PBXFileReference section */
		EB12A0CD25B93A10008DBCD4 /* photoBlender.app */ = {isa = PBXFileReference; explicitFileType = wrapper.application; includeInIndex = 0; path = photoBlender.app; sourceTree = BUILT_PRODUCTS_DIR; };
		EB12A0D025B93A10008DBCD4 /* AppDelegate.swift */ = {isa = PBXFileReference; lastKnownFileType = sourcecode.swift; path = AppDelegate.swift; sourceTree = "<group>"; };
		EB12A0D225B93A10008DBCD4 /* SceneDelegate.swift */ = {isa = PBXFileReference; lastKnownFileType = sourcecode.swift; path = SceneDelegate.swift; sourceTree = "<group>"; };
		EB12A0D425B93A10008DBCD4 /* MainVC.swift */ = {isa = PBXFileReference; lastKnownFileType = sourcecode.swift; path = MainVC.swift; sourceTree = "<group>"; };
		EB12A0D725B93A10008DBCD4 /* Base */ = {isa = PBXFileReference; lastKnownFileType = file.storyboard; name = Base; path = Base.lproj/Main.storyboard; sourceTree = "<group>"; };
		EB12A0D925B93A13008DBCD4 /* Assets.xcassets */ = {isa = PBXFileReference; lastKnownFileType = folder.assetcatalog; path = Assets.xcassets; sourceTree = "<group>"; };
		EB12A0DC25B93A13008DBCD4 /* Base */ = {isa = PBXFileReference; lastKnownFileType = file.storyboard; name = Base; path = Base.lproj/LaunchScreen.storyboard; sourceTree = "<group>"; };
		EB12A0DE25B93A13008DBCD4 /* Info.plist */ = {isa = PBXFileReference; lastKnownFileType = text.plist.xml; path = Info.plist; sourceTree = "<group>"; };
		EB12A0E325B93A13008DBCD4 /* photoBlenderTests.xctest */ = {isa = PBXFileReference; explicitFileType = wrapper.cfbundle; includeInIndex = 0; path = photoBlenderTests.xctest; sourceTree = BUILT_PRODUCTS_DIR; };
		EB12A0E725B93A13008DBCD4 /* photoBlenderTests.swift */ = {isa = PBXFileReference; lastKnownFileType = sourcecode.swift; path = photoBlenderTests.swift; sourceTree = "<group>"; };
		EB12A0E925B93A13008DBCD4 /* Info.plist */ = {isa = PBXFileReference; lastKnownFileType = text.plist.xml; path = Info.plist; sourceTree = "<group>"; };
		EB12A0EE25B93A13008DBCD4 /* photoBlenderUITests.xctest */ = {isa = PBXFileReference; explicitFileType = wrapper.cfbundle; includeInIndex = 0; path = photoBlenderUITests.xctest; sourceTree = BUILT_PRODUCTS_DIR; };
		EB12A0F225B93A13008DBCD4 /* photoBlenderUITests.swift */ = {isa = PBXFileReference; lastKnownFileType = sourcecode.swift; path = photoBlenderUITests.swift; sourceTree = "<group>"; };
		EB12A0F425B93A13008DBCD4 /* Info.plist */ = {isa = PBXFileReference; lastKnownFileType = text.plist.xml; path = Info.plist; sourceTree = "<group>"; };
		EB12A10E25BA2388008DBCD4 /* Camera.storyboard */ = {isa = PBXFileReference; lastKnownFileType = file.storyboard; path = Camera.storyboard; sourceTree = "<group>"; };
		EB12A12325BA4A1E008DBCD4 /* PhotoVC.swift */ = {isa = PBXFileReference; lastKnownFileType = sourcecode.swift; path = PhotoVC.swift; sourceTree = "<group>"; };
		EB454B1C25BBC92C0048D6EC /* PhotoLibrary.storyboard */ = {isa = PBXFileReference; lastKnownFileType = file.storyboard; path = PhotoLibrary.storyboard; sourceTree = "<group>"; };
		EB454B2125BBCAF50048D6EC /* PhotoLibraryVC.swift */ = {isa = PBXFileReference; lastKnownFileType = sourcecode.swift; path = PhotoLibraryVC.swift; sourceTree = "<group>"; };
/* End PBXFileReference section */

/* Begin PBXFrameworksBuildPhase section */
		EB12A0CA25B93A10008DBCD4 /* Frameworks */ = {
			isa = PBXFrameworksBuildPhase;
			buildActionMask = 2147483647;
			files = (
			);
			runOnlyForDeploymentPostprocessing = 0;
		};
		EB12A0E025B93A13008DBCD4 /* Frameworks */ = {
			isa = PBXFrameworksBuildPhase;
			buildActionMask = 2147483647;
			files = (
			);
			runOnlyForDeploymentPostprocessing = 0;
		};
		EB12A0EB25B93A13008DBCD4 /* Frameworks */ = {
			isa = PBXFrameworksBuildPhase;
			buildActionMask = 2147483647;
			files = (
			);
			runOnlyForDeploymentPostprocessing = 0;
		};
/* End PBXFrameworksBuildPhase section */

/* Begin PBXGroup section */
		EB12A0C425B93A10008DBCD4 = {
			isa = PBXGroup;
			children = (
				EB12A0CF25B93A10008DBCD4 /* photoBlender */,
				EB12A0E625B93A13008DBCD4 /* photoBlenderTests */,
				EB12A0F125B93A13008DBCD4 /* photoBlenderUITests */,
				EB12A0CE25B93A10008DBCD4 /* Products */,
			);
			sourceTree = "<group>";
		};
		EB12A0CE25B93A10008DBCD4 /* Products */ = {
			isa = PBXGroup;
			children = (
				EB12A0CD25B93A10008DBCD4 /* photoBlender.app */,
				EB12A0E325B93A13008DBCD4 /* photoBlenderTests.xctest */,
				EB12A0EE25B93A13008DBCD4 /* photoBlenderUITests.xctest */,
			);
			name = Products;
			sourceTree = "<group>";
		};
		EB12A0CF25B93A10008DBCD4 /* photoBlender */ = {
			isa = PBXGroup;
			children = (
				EB12A10A25BA226D008DBCD4 /* Storyboards */,
				EB12A10925BA225B008DBCD4 /* VCs */,
				EB12A0D025B93A10008DBCD4 /* AppDelegate.swift */,
				EB12A0D225B93A10008DBCD4 /* SceneDelegate.swift */,
				EB12A0D925B93A13008DBCD4 /* Assets.xcassets */,
				EB12A0DE25B93A13008DBCD4 /* Info.plist */,
			);
			path = photoBlender;
			sourceTree = "<group>";
		};
		EB12A0E625B93A13008DBCD4 /* photoBlenderTests */ = {
			isa = PBXGroup;
			children = (
				EB12A0E725B93A13008DBCD4 /* photoBlenderTests.swift */,
				EB12A0E925B93A13008DBCD4 /* Info.plist */,
			);
			path = photoBlenderTests;
			sourceTree = "<group>";
		};
		EB12A0F125B93A13008DBCD4 /* photoBlenderUITests */ = {
			isa = PBXGroup;
			children = (
				EB12A0F225B93A13008DBCD4 /* photoBlenderUITests.swift */,
				EB12A0F425B93A13008DBCD4 /* Info.plist */,
			);
			path = photoBlenderUITests;
			sourceTree = "<group>";
		};
		EB12A10925BA225B008DBCD4 /* VCs */ = {
			isa = PBXGroup;
			children = (
				EB12A0D425B93A10008DBCD4 /* MainVC.swift */,
				EB12A12325BA4A1E008DBCD4 /* PhotoVC.swift */,
				EB454B2125BBCAF50048D6EC /* PhotoLibraryVC.swift */,
			);
			path = VCs;
			sourceTree = "<group>";
		};
		EB12A10A25BA226D008DBCD4 /* Storyboards */ = {
			isa = PBXGroup;
			children = (
				EB12A0D625B93A10008DBCD4 /* Main.storyboard */,
				EB12A10E25BA2388008DBCD4 /* Camera.storyboard */,
				EB12A0DB25B93A13008DBCD4 /* LaunchScreen.storyboard */,
				EB454B1C25BBC92C0048D6EC /* PhotoLibrary.storyboard */,
			);
			path = Storyboards;
			sourceTree = "<group>";
		};
/* End PBXGroup section */

/* Begin PBXNativeTarget section */
		EB12A0CC25B93A10008DBCD4 /* photoBlender */ = {
			isa = PBXNativeTarget;
			buildConfigurationList = EB12A0F725B93A13008DBCD4 /* Build configuration list for PBXNativeTarget "photoBlender" */;
			buildPhases = (
				EB12A0C925B93A10008DBCD4 /* Sources */,
				EB12A0CA25B93A10008DBCD4 /* Frameworks */,
				EB12A0CB25B93A10008DBCD4 /* Resources */,
			);
			buildRules = (
			);
			dependencies = (
			);
			name = photoBlender;
			productName = photoBlender;
			productReference = EB12A0CD25B93A10008DBCD4 /* photoBlender.app */;
			productType = "com.apple.product-type.application";
		};
		EB12A0E225B93A13008DBCD4 /* photoBlenderTests */ = {
			isa = PBXNativeTarget;
			buildConfigurationList = EB12A0FA25B93A13008DBCD4 /* Build configuration list for PBXNativeTarget "photoBlenderTests" */;
			buildPhases = (
				EB12A0DF25B93A13008DBCD4 /* Sources */,
				EB12A0E025B93A13008DBCD4 /* Frameworks */,
				EB12A0E125B93A13008DBCD4 /* Resources */,
			);
			buildRules = (
			);
			dependencies = (
				EB12A0E525B93A13008DBCD4 /* PBXTargetDependency */,
			);
			name = photoBlenderTests;
			productName = photoBlenderTests;
			productReference = EB12A0E325B93A13008DBCD4 /* photoBlenderTests.xctest */;
			productType = "com.apple.product-type.bundle.unit-test";
		};
		EB12A0ED25B93A13008DBCD4 /* photoBlenderUITests */ = {
			isa = PBXNativeTarget;
			buildConfigurationList = EB12A0FD25B93A13008DBCD4 /* Build configuration list for PBXNativeTarget "photoBlenderUITests" */;
			buildPhases = (
				EB12A0EA25B93A13008DBCD4 /* Sources */,
				EB12A0EB25B93A13008DBCD4 /* Frameworks */,
				EB12A0EC25B93A13008DBCD4 /* Resources */,
			);
			buildRules = (
			);
			dependencies = (
				EB12A0F025B93A13008DBCD4 /* PBXTargetDependency */,
			);
			name = photoBlenderUITests;
			productName = photoBlenderUITests;
			productReference = EB12A0EE25B93A13008DBCD4 /* photoBlenderUITests.xctest */;
			productType = "com.apple.product-type.bundle.ui-testing";
		};
/* End PBXNativeTarget section */

/* Begin PBXProject section */
		EB12A0C525B93A10008DBCD4 /* Project object */ = {
			isa = PBXProject;
			attributes = {
				LastSwiftUpdateCheck = 1230;
				LastUpgradeCheck = 1230;
				TargetAttributes = {
					EB12A0CC25B93A10008DBCD4 = {
						CreatedOnToolsVersion = 12.3;
					};
					EB12A0E225B93A13008DBCD4 = {
						CreatedOnToolsVersion = 12.3;
						TestTargetID = EB12A0CC25B93A10008DBCD4;
					};
					EB12A0ED25B93A13008DBCD4 = {
						CreatedOnToolsVersion = 12.3;
						TestTargetID = EB12A0CC25B93A10008DBCD4;
					};
				};
			};
			buildConfigurationList = EB12A0C825B93A10008DBCD4 /* Build configuration list for PBXProject "photoBlender" */;
			compatibilityVersion = "Xcode 9.3";
			developmentRegion = en;
			hasScannedForEncodings = 0;
			knownRegions = (
				en,
				Base,
			);
			mainGroup = EB12A0C425B93A10008DBCD4;
			productRefGroup = EB12A0CE25B93A10008DBCD4 /* Products */;
			projectDirPath = "";
			projectRoot = "";
			targets = (
				EB12A0CC25B93A10008DBCD4 /* photoBlender */,
				EB12A0E225B93A13008DBCD4 /* photoBlenderTests */,
				EB12A0ED25B93A13008DBCD4 /* photoBlenderUITests */,
			);
		};
/* End PBXProject section */

/* Begin PBXResourcesBuildPhase section */
		EB12A0CB25B93A10008DBCD4 /* Resources */ = {
			isa = PBXResourcesBuildPhase;
			buildActionMask = 2147483647;
			files = (
				EB12A0DD25B93A13008DBCD4 /* LaunchScreen.storyboard in Resources */,
				EB12A10F25BA2388008DBCD4 /* Camera.storyboard in Resources */,
				EB12A0DA25B93A13008DBCD4 /* Assets.xcassets in Resources */,
				EB454B1D25BBC92C0048D6EC /* PhotoLibrary.storyboard in Resources */,
				EB12A0D825B93A10008DBCD4 /* Main.storyboard in Resources */,
			);
			runOnlyForDeploymentPostprocessing = 0;
		};
		EB12A0E125B93A13008DBCD4 /* Resources */ = {
			isa = PBXResourcesBuildPhase;
			buildActionMask = 2147483647;
			files = (
			);
			runOnlyForDeploymentPostprocessing = 0;
		};
		EB12A0EC25B93A13008DBCD4 /* Resources */ = {
			isa = PBXResourcesBuildPhase;
			buildActionMask = 2147483647;
			files = (
			);
			runOnlyForDeploymentPostprocessing = 0;
		};
/* End PBXResourcesBuildPhase section */

/* Begin PBXSourcesBuildPhase section */
		EB12A0C925B93A10008DBCD4 /* Sources */ = {
			isa = PBXSourcesBuildPhase;
			buildActionMask = 2147483647;
			files = (
				EB12A0D525B93A10008DBCD4 /* MainVC.swift in Sources */,
				EB12A0D125B93A10008DBCD4 /* AppDelegate.swift in Sources */,
				EB12A0D325B93A10008DBCD4 /* SceneDelegate.swift in Sources */,
				EB12A12425BA4A1E008DBCD4 /* PhotoVC.swift in Sources */,
				EB454B2225BBCAF50048D6EC /* PhotoLibraryVC.swift in Sources */,
			);
			runOnlyForDeploymentPostprocessing = 0;
		};
		EB12A0DF25B93A13008DBCD4 /* Sources */ = {
			isa = PBXSourcesBuildPhase;
			buildActionMask = 2147483647;
			files = (
				EB12A0E825B93A13008DBCD4 /* photoBlenderTests.swift in Sources */,
			);
			runOnlyForDeploymentPostprocessing = 0;
		};
		EB12A0EA25B93A13008DBCD4 /* Sources */ = {
			isa = PBXSourcesBuildPhase;
			buildActionMask = 2147483647;
			files = (
				EB12A0F325B93A13008DBCD4 /* photoBlenderUITests.swift in Sources */,
			);
			runOnlyForDeploymentPostprocessing = 0;
		};
/* End PBXSourcesBuildPhase section */

/* Begin PBXTargetDependency section */
		EB12A0E525B93A13008DBCD4 /* PBXTargetDependency */ = {
			isa = PBXTargetDependency;
			target = EB12A0CC25B93A10008DBCD4 /* photoBlender */;
			targetProxy = EB12A0E425B93A13008DBCD4 /* PBXContainerItemProxy */;
		};
		EB12A0F025B93A13008DBCD4 /* PBXTargetDependency */ = {
			isa = PBXTargetDependency;
			target = EB12A0CC25B93A10008DBCD4 /* photoBlender */;
			targetProxy = EB12A0EF25B93A13008DBCD4 /* PBXContainerItemProxy */;
		};
/* End PBXTargetDependency section */

/* Begin PBXVariantGroup section */
		EB12A0D625B93A10008DBCD4 /* Main.storyboard */ = {
			isa = PBXVariantGroup;
			children = (
				EB12A0D725B93A10008DBCD4 /* Base */,
			);
			name = Main.storyboard;
			sourceTree = "<group>";
		};
		EB12A0DB25B93A13008DBCD4 /* LaunchScreen.storyboard */ = {
			isa = PBXVariantGroup;
			children = (
				EB12A0DC25B93A13008DBCD4 /* Base */,
			);
			name = LaunchScreen.storyboard;
			sourceTree = "<group>";
		};
/* End PBXVariantGroup section */

/* Begin XCBuildConfiguration section */
		EB12A0F525B93A13008DBCD4 /* Debug */ = {
			isa = XCBuildConfiguration;
			buildSettings = {
				ALWAYS_SEARCH_USER_PATHS = NO;
				CLANG_ANALYZER_NONNULL = YES;
				CLANG_ANALYZER_NUMBER_OBJECT_CONVERSION = YES_AGGRESSIVE;
				CLANG_CXX_LANGUAGE_STANDARD = "gnu++14";
				CLANG_CXX_LIBRARY = "libc++";
				CLANG_ENABLE_MODULES = YES;
				CLANG_ENABLE_OBJC_ARC = YES;
				CLANG_ENABLE_OBJC_WEAK = YES;
				CLANG_WARN_BLOCK_CAPTURE_AUTORELEASING = YES;
				CLANG_WARN_BOOL_CONVERSION = YES;
				CLANG_WARN_COMMA = YES;
				CLANG_WARN_CONSTANT_CONVERSION = YES;
				CLANG_WARN_DEPRECATED_OBJC_IMPLEMENTATIONS = YES;
				CLANG_WARN_DIRECT_OBJC_ISA_USAGE = YES_ERROR;
				CLANG_WARN_DOCUMENTATION_COMMENTS = YES;
				CLANG_WARN_EMPTY_BODY = YES;
				CLANG_WARN_ENUM_CONVERSION = YES;
				CLANG_WARN_INFINITE_RECURSION = YES;
				CLANG_WARN_INT_CONVERSION = YES;
				CLANG_WARN_NON_LITERAL_NULL_CONVERSION = YES;
				CLANG_WARN_OBJC_IMPLICIT_RETAIN_SELF = YES;
				CLANG_WARN_OBJC_LITERAL_CONVERSION = YES;
				CLANG_WARN_OBJC_ROOT_CLASS = YES_ERROR;
				CLANG_WARN_QUOTED_INCLUDE_IN_FRAMEWORK_HEADER = YES;
				CLANG_WARN_RANGE_LOOP_ANALYSIS = YES;
				CLANG_WARN_STRICT_PROTOTYPES = YES;
				CLANG_WARN_SUSPICIOUS_MOVE = YES;
				CLANG_WARN_UNGUARDED_AVAILABILITY = YES_AGGRESSIVE;
				CLANG_WARN_UNREACHABLE_CODE = YES;
				CLANG_WARN__DUPLICATE_METHOD_MATCH = YES;
				COPY_PHASE_STRIP = NO;
				DEBUG_INFORMATION_FORMAT = dwarf;
				ENABLE_STRICT_OBJC_MSGSEND = YES;
				ENABLE_TESTABILITY = YES;
				GCC_C_LANGUAGE_STANDARD = gnu11;
				GCC_DYNAMIC_NO_PIC = NO;
				GCC_NO_COMMON_BLOCKS = YES;
				GCC_OPTIMIZATION_LEVEL = 0;
				GCC_PREPROCESSOR_DEFINITIONS = (
					"DEBUG=1",
					"$(inherited)",
				);
				GCC_WARN_64_TO_32_BIT_CONVERSION = YES;
				GCC_WARN_ABOUT_RETURN_TYPE = YES_ERROR;
				GCC_WARN_UNDECLARED_SELECTOR = YES;
				GCC_WARN_UNINITIALIZED_AUTOS = YES_AGGRESSIVE;
				GCC_WARN_UNUSED_FUNCTION = YES;
				GCC_WARN_UNUSED_VARIABLE = YES;
				IPHONEOS_DEPLOYMENT_TARGET = 14.3;
				MTL_ENABLE_DEBUG_INFO = INCLUDE_SOURCE;
				MTL_FAST_MATH = YES;
				ONLY_ACTIVE_ARCH = YES;
				SDKROOT = iphoneos;
				SWIFT_ACTIVE_COMPILATION_CONDITIONS = DEBUG;
				SWIFT_OPTIMIZATION_LEVEL = "-Onone";
			};
			name = Debug;
		};
		EB12A0F625B93A13008DBCD4 /* Release */ = {
			isa = XCBuildConfiguration;
			buildSettings = {
				ALWAYS_SEARCH_USER_PATHS = NO;
				CLANG_ANALYZER_NONNULL = YES;
				CLANG_ANALYZER_NUMBER_OBJECT_CONVERSION = YES_AGGRESSIVE;
				CLANG_CXX_LANGUAGE_STANDARD = "gnu++14";
				CLANG_CXX_LIBRARY = "libc++";
				CLANG_ENABLE_MODULES = YES;
				CLANG_ENABLE_OBJC_ARC = YES;
				CLANG_ENABLE_OBJC_WEAK = YES;
				CLANG_WARN_BLOCK_CAPTURE_AUTORELEASING = YES;
				CLANG_WARN_BOOL_CONVERSION = YES;
				CLANG_WARN_COMMA = YES;
				CLANG_WARN_CONSTANT_CONVERSION = YES;
				CLANG_WARN_DEPRECATED_OBJC_IMPLEMENTATIONS = YES;
				CLANG_WARN_DIRECT_OBJC_ISA_USAGE = YES_ERROR;
				CLANG_WARN_DOCUMENTATION_COMMENTS = YES;
				CLANG_WARN_EMPTY_BODY = YES;
				CLANG_WARN_ENUM_CONVERSION = YES;
				CLANG_WARN_INFINITE_RECURSION = YES;
				CLANG_WARN_INT_CONVERSION = YES;
				CLANG_WARN_NON_LITERAL_NULL_CONVERSION = YES;
				CLANG_WARN_OBJC_IMPLICIT_RETAIN_SELF = YES;
				CLANG_WARN_OBJC_LITERAL_CONVERSION = YES;
				CLANG_WARN_OBJC_ROOT_CLASS = YES_ERROR;
				CLANG_WARN_QUOTED_INCLUDE_IN_FRAMEWORK_HEADER = YES;
				CLANG_WARN_RANGE_LOOP_ANALYSIS = YES;
				CLANG_WARN_STRICT_PROTOTYPES = YES;
				CLANG_WARN_SUSPICIOUS_MOVE = YES;
				CLANG_WARN_UNGUARDED_AVAILABILITY = YES_AGGRESSIVE;
				CLANG_WARN_UNREACHABLE_CODE = YES;
				CLANG_WARN__DUPLICATE_METHOD_MATCH = YES;
				COPY_PHASE_STRIP = NO;
				DEBUG_INFORMATION_FORMAT = "dwarf-with-dsym";
				ENABLE_NS_ASSERTIONS = NO;
				ENABLE_STRICT_OBJC_MSGSEND = YES;
				GCC_C_LANGUAGE_STANDARD = gnu11;
				GCC_NO_COMMON_BLOCKS = YES;
				GCC_WARN_64_TO_32_BIT_CONVERSION = YES;
				GCC_WARN_ABOUT_RETURN_TYPE = YES_ERROR;
				GCC_WARN_UNDECLARED_SELECTOR = YES;
				GCC_WARN_UNINITIALIZED_AUTOS = YES_AGGRESSIVE;
				GCC_WARN_UNUSED_FUNCTION = YES;
				GCC_WARN_UNUSED_VARIABLE = YES;
				IPHONEOS_DEPLOYMENT_TARGET = 14.3;
				MTL_ENABLE_DEBUG_INFO = NO;
				MTL_FAST_MATH = YES;
				SDKROOT = iphoneos;
				SWIFT_COMPILATION_MODE = wholemodule;
				SWIFT_OPTIMIZATION_LEVEL = "-O";
				VALIDATE_PRODUCT = YES;
			};
			name = Release;
		};
		EB12A0F825B93A13008DBCD4 /* Debug */ = {
			isa = XCBuildConfiguration;
			buildSettings = {
				ASSETCATALOG_COMPILER_APPICON_NAME = AppIcon;
				ASSETCATALOG_COMPILER_GLOBAL_ACCENT_COLOR_NAME = AccentColor;
				CODE_SIGN_STYLE = Automatic;
				DEVELOPMENT_TEAM = J6522LJSM9;
				INFOPLIST_FILE = photoBlender/Info.plist;
				LD_RUNPATH_SEARCH_PATHS = (
					"$(inherited)",
					"@executable_path/Frameworks",
				);
				PRODUCT_BUNDLE_IDENTIFIER = ronalds.photoBlender;
				PRODUCT_NAME = "$(TARGET_NAME)";
				SWIFT_VERSION = 5.0;
				TARGETED_DEVICE_FAMILY = "1,2";
			};
			name = Debug;
		};
		EB12A0F925B93A13008DBCD4 /* Release */ = {
			isa = XCBuildConfiguration;
			buildSettings = {
				ASSETCATALOG_COMPILER_APPICON_NAME = AppIcon;
				ASSETCATALOG_COMPILER_GLOBAL_ACCENT_COLOR_NAME = AccentColor;
				CODE_SIGN_STYLE = Automatic;
				DEVELOPMENT_TEAM = J6522LJSM9;
				INFOPLIST_FILE = photoBlender/Info.plist;
				LD_RUNPATH_SEARCH_PATHS = (
					"$(inherited)",
					"@executable_path/Frameworks",
				);
				PRODUCT_BUNDLE_IDENTIFIER = ronalds.photoBlender;
				PRODUCT_NAME = "$(TARGET_NAME)";
				SWIFT_VERSION = 5.0;
				TARGETED_DEVICE_FAMILY = "1,2";
			};
			name = Release;
		};
		EB12A0FB25B93A13008DBCD4 /* Debug */ = {
			isa = XCBuildConfiguration;
			buildSettings = {
				ALWAYS_EMBED_SWIFT_STANDARD_LIBRARIES = YES;
				BUNDLE_LOADER = "$(TEST_HOST)";
				CODE_SIGN_STYLE = Automatic;
				DEVELOPMENT_TEAM = J6522LJSM9;
				INFOPLIST_FILE = photoBlenderTests/Info.plist;
				IPHONEOS_DEPLOYMENT_TARGET = 14.3;
				LD_RUNPATH_SEARCH_PATHS = (
					"$(inherited)",
					"@executable_path/Frameworks",
					"@loader_path/Frameworks",
				);
				PRODUCT_BUNDLE_IDENTIFIER = ronalds.photoBlenderTests;
				PRODUCT_NAME = "$(TARGET_NAME)";
				SWIFT_VERSION = 5.0;
				TARGETED_DEVICE_FAMILY = "1,2";
				TEST_HOST = "$(BUILT_PRODUCTS_DIR)/photoBlender.app/photoBlender";
			};
			name = Debug;
		};
		EB12A0FC25B93A13008DBCD4 /* Release */ = {
			isa = XCBuildConfiguration;
			buildSettings = {
				ALWAYS_EMBED_SWIFT_STANDARD_LIBRARIES = YES;
				BUNDLE_LOADER = "$(TEST_HOST)";
				CODE_SIGN_STYLE = Automatic;
				DEVELOPMENT_TEAM = J6522LJSM9;
				INFOPLIST_FILE = photoBlenderTests/Info.plist;
				IPHONEOS_DEPLOYMENT_TARGET = 14.3;
				LD_RUNPATH_SEARCH_PATHS = (
					"$(inherited)",
					"@executable_path/Frameworks",
					"@loader_path/Frameworks",
				);
				PRODUCT_BUNDLE_IDENTIFIER = ronalds.photoBlenderTests;
				PRODUCT_NAME = "$(TARGET_NAME)";
				SWIFT_VERSION = 5.0;
				TARGETED_DEVICE_FAMILY = "1,2";
				TEST_HOST = "$(BUILT_PRODUCTS_DIR)/photoBlender.app/photoBlender";
			};
			name = Release;
		};
		EB12A0FE25B93A13008DBCD4 /* Debug */ = {
			isa = XCBuildConfiguration;
			buildSettings = {
				ALWAYS_EMBED_SWIFT_STANDARD_LIBRARIES = YES;
				CODE_SIGN_STYLE = Automatic;
				DEVELOPMENT_TEAM = J6522LJSM9;
				INFOPLIST_FILE = photoBlenderUITests/Info.plist;
				LD_RUNPATH_SEARCH_PATHS = (
					"$(inherited)",
					"@executable_path/Frameworks",
					"@loader_path/Frameworks",
				);
				PRODUCT_BUNDLE_IDENTIFIER = ronalds.photoBlenderUITests;
				PRODUCT_NAME = "$(TARGET_NAME)";
				SWIFT_VERSION = 5.0;
				TARGETED_DEVICE_FAMILY = "1,2";
				TEST_TARGET_NAME = photoBlender;
			};
			name = Debug;
		};
		EB12A0FF25B93A13008DBCD4 /* Release */ = {
			isa = XCBuildConfiguration;
			buildSettings = {
				ALWAYS_EMBED_SWIFT_STANDARD_LIBRARIES = YES;
				CODE_SIGN_STYLE = Automatic;
				DEVELOPMENT_TEAM = J6522LJSM9;
				INFOPLIST_FILE = photoBlenderUITests/Info.plist;
				LD_RUNPATH_SEARCH_PATHS = (
					"$(inherited)",
					"@executable_path/Frameworks",
					"@loader_path/Frameworks",
				);
				PRODUCT_BUNDLE_IDENTIFIER = ronalds.photoBlenderUITests;
				PRODUCT_NAME = "$(TARGET_NAME)";
				SWIFT_VERSION = 5.0;
				TARGETED_DEVICE_FAMILY = "1,2";
				TEST_TARGET_NAME = photoBlender;
			};
			name = Release;
		};
/* End XCBuildConfiguration section */

/* Begin XCConfigurationList section */
		EB12A0C825B93A10008DBCD4 /* Build configuration list for PBXProject "photoBlender" */ = {
			isa = XCConfigurationList;
			buildConfigurations = (
				EB12A0F525B93A13008DBCD4 /* Debug */,
				EB12A0F625B93A13008DBCD4 /* Release */,
			);
			defaultConfigurationIsVisible = 0;
			defaultConfigurationName = Release;
		};
		EB12A0F725B93A13008DBCD4 /* Build configuration list for PBXNativeTarget "photoBlender" */ = {
			isa = XCConfigurationList;
			buildConfigurations = (
				EB12A0F825B93A13008DBCD4 /* Debug */,
				EB12A0F925B93A13008DBCD4 /* Release */,
			);
			defaultConfigurationIsVisible = 0;
			defaultConfigurationName = Release;
		};
		EB12A0FA25B93A13008DBCD4 /* Build configuration list for PBXNativeTarget "photoBlenderTests" */ = {
			isa = XCConfigurationList;
			buildConfigurations = (
				EB12A0FB25B93A13008DBCD4 /* Debug */,
				EB12A0FC25B93A13008DBCD4 /* Release */,
			);
			defaultConfigurationIsVisible = 0;
			defaultConfigurationName = Release;
		};
		EB12A0FD25B93A13008DBCD4 /* Build configuration list for PBXNativeTarget "photoBlenderUITests" */ = {
			isa = XCConfigurationList;
			buildConfigurations = (
				EB12A0FE25B93A13008DBCD4 /* Debug */,
				EB12A0FF25B93A13008DBCD4 /* Release */,
			);
			defaultConfigurationIsVisible = 0;
			defaultConfigurationName = Release;
		};
/* End XCConfigurationList section */
	};
	rootObject = EB12A0C525B93A10008DBCD4 /* Project object */;
}
